// !$*UTF8*$!
{
	archiveVersion = 1;
	classes = {
	};
	objectVersion = 56;
	objects = {

/* Begin PBXBuildFile section */
		543F44532AD598EE002B432A /* libepanetrtx.dylib in Frameworks */ = {isa = PBXBuildFile; fileRef = 54B41A012AD591200031520C /* libepanetrtx.dylib */; };
		543F44642AD5999A002B432A /* test_main.cpp in Sources */ = {isa = PBXBuildFile; fileRef = 543F445B2AD5999A002B432A /* test_main.cpp */; };
		543F44652AD5999A002B432A /* test_element.cpp in Sources */ = {isa = PBXBuildFile; fileRef = 543F445C2AD5999A002B432A /* test_element.cpp */; };
		54B41AA42AD592DB0031520C /* EpanetModel.cpp in Sources */ = {isa = PBXBuildFile; fileRef = 54B41A172AD592DB0031520C /* EpanetModel.cpp */; };
		54B41AA72AD592DB0031520C /* Dma.h in Headers */ = {isa = PBXBuildFile; fileRef = 54B41A1A2AD592DB0031520C /* Dma.h */; };
		54B41AA92AD592DB0031520C /* Pipe.cpp in Sources */ = {isa = PBXBuildFile; fileRef = 54B41A1C2AD592DB0031520C /* Pipe.cpp */; };
		54B41AB02AD592DB0031520C /* Tank.cpp in Sources */ = {isa = PBXBuildFile; fileRef = 54B41A232AD592DB0031520C /* Tank.cpp */; };
		54B41AB12AD592DB0031520C /* EpanetModelExporter.cpp in Sources */ = {isa = PBXBuildFile; fileRef = 54B41A242AD592DB0031520C /* EpanetModelExporter.cpp */; };
		54B41AB32AD592DB0031520C /* Reservoir.h in Headers */ = {isa = PBXBuildFile; fileRef = 54B41A262AD592DB0031520C /* Reservoir.h */; };
		54B41AB42AD592DB0031520C /* Dma.cpp in Sources */ = {isa = PBXBuildFile; fileRef = 54B41A272AD592DB0031520C /* Dma.cpp */; };
		54B41AB72AD592DB0031520C /* Junction.cpp in Sources */ = {isa = PBXBuildFile; fileRef = 54B41A2A2AD592DB0031520C /* Junction.cpp */; };
		54B41ABB2AD592DB0031520C /* RTX_Visitable.h in Headers */ = {isa = PBXBuildFile; fileRef = 54B41A2E2AD592DB0031520C /* RTX_Visitable.h */; };
		54B41ABD2AD592DB0031520C /* Tank.h in Headers */ = {isa = PBXBuildFile; fileRef = 54B41A302AD592DB0031520C /* Tank.h */; };
		54B41ABF2AD592DB0031520C /* Pump.h in Headers */ = {isa = PBXBuildFile; fileRef = 54B41A322AD592DB0031520C /* Pump.h */; };
		54B41AC32AD592DB0031520C /* EpanetSyntheticModel.cpp in Sources */ = {isa = PBXBuildFile; fileRef = 54B41A362AD592DB0031520C /* EpanetSyntheticModel.cpp */; };
		54B41ACA2AD592DB0031520C /* Valve.cpp in Sources */ = {isa = PBXBuildFile; fileRef = 54B41A3D2AD592DB0031520C /* Valve.cpp */; };
		54B41ACD2AD592DB0031520C /* Node.cpp in Sources */ = {isa = PBXBuildFile; fileRef = 54B41A402AD592DB0031520C /* Node.cpp */; };
		54B41AD22AD592DB0031520C /* EpanetSyntheticModel.h in Headers */ = {isa = PBXBuildFile; fileRef = 54B41A452AD592DB0031520C /* EpanetSyntheticModel.h */; };
		54B41AD62AD592DB0031520C /* InpTextPattern.h in Headers */ = {isa = PBXBuildFile; fileRef = 54B41A492AD592DB0031520C /* InpTextPattern.h */; };
		54B41AD82AD592DB0031520C /* Node.h in Headers */ = {isa = PBXBuildFile; fileRef = 54B41A4B2AD592DB0031520C /* Node.h */; };
		54B41ADB2AD592DB0031520C /* rtxExceptions.h in Headers */ = {isa = PBXBuildFile; fileRef = 54B41A4E2AD592DB0031520C /* rtxExceptions.h */; };
		54B41ADD2AD592DB0031520C /* Reservoir.cpp in Sources */ = {isa = PBXBuildFile; fileRef = 54B41A502AD592DB0031520C /* Reservoir.cpp */; };
		54B41AE92AD592DB0031520C /* EpanetModel.h in Headers */ = {isa = PBXBuildFile; fileRef = 54B41A5C2AD592DB0031520C /* EpanetModel.h */; };
		54B41AF22AD592DB0031520C /* Valve.h in Headers */ = {isa = PBXBuildFile; fileRef = 54B41A652AD592DB0031520C /* Valve.h */; };
		54B41AF32AD592DB0031520C /* Element.h in Headers */ = {isa = PBXBuildFile; fileRef = 54B41A662AD592DB0031520C /* Element.h */; };
		54B41AF62AD592DB0031520C /* Junction.h in Headers */ = {isa = PBXBuildFile; fileRef = 54B41A692AD592DB0031520C /* Junction.h */; };
		54B41AFC2AD592DB0031520C /* EpanetModelExporter.h in Headers */ = {isa = PBXBuildFile; fileRef = 54B41A6F2AD592DB0031520C /* EpanetModelExporter.h */; };
		54B41AFF2AD592DB0031520C /* Pipe.h in Headers */ = {isa = PBXBuildFile; fileRef = 54B41A722AD592DB0031520C /* Pipe.h */; };
		54B41B012AD592DB0031520C /* Model.h in Headers */ = {isa = PBXBuildFile; fileRef = 54B41A742AD592DB0031520C /* Model.h */; };
		54B41B022AD592DB0031520C /* Model.cpp in Sources */ = {isa = PBXBuildFile; fileRef = 54B41A752AD592DB0031520C /* Model.cpp */; };
		54B41B072AD592DB0031520C /* InpTextPattern.cpp in Sources */ = {isa = PBXBuildFile; fileRef = 54B41A7A2AD592DB0031520C /* InpTextPattern.cpp */; };
		54B41B0E2AD592DB0031520C /* Element.cpp in Sources */ = {isa = PBXBuildFile; fileRef = 54B41A812AD592DB0031520C /* Element.cpp */; };
		54B41B152AD592DB0031520C /* rtxMacros.h in Headers */ = {isa = PBXBuildFile; fileRef = 54B41A882AD592DB0031520C /* rtxMacros.h */; };
		54B41B182AD592DB0031520C /* Link.h in Headers */ = {isa = PBXBuildFile; fileRef = 54B41A8B2AD592DB0031520C /* Link.h */; };
		54B41B1F2AD592DB0031520C /* Link.cpp in Sources */ = {isa = PBXBuildFile; fileRef = 54B41A922AD592DB0031520C /* Link.cpp */; };
		54B41B2C2AD592DB0031520C /* Pump.cpp in Sources */ = {isa = PBXBuildFile; fileRef = 54B41A9F2AD592DB0031520C /* Pump.cpp */; };
/* End PBXBuildFile section */

/* Begin PBXCopyFilesBuildPhase section */
		54B41B312AD596FE0031520C /* CopyFiles */ = {
			isa = PBXCopyFilesBuildPhase;
			buildActionMask = 2147483647;
			dstPath = /usr/share/man/man1/;
			dstSubfolderSpec = 0;
			files = (
			);
			runOnlyForDeploymentPostprocessing = 1;
		};
/* End PBXCopyFilesBuildPhase section */

/* Begin PBXFileReference section */
		5411B9842B7A92D900448D51 /* conan_config.xcconfig */ = {isa = PBXFileReference; lastKnownFileType = text.xcconfig; name = conan_config.xcconfig; path = build/Release/generators/conan_config.xcconfig; sourceTree = "<group>"; };
		5411B9852B7A937400448D51 /* conanfile.py */ = {isa = PBXFileReference; lastKnownFileType = text.script.python; path = conanfile.py; sourceTree = "<group>"; };
		543F44582AD5999A002B432A /* CMakeLists.txt */ = {isa = PBXFileReference; fileEncoding = 4; lastKnownFileType = text; path = CMakeLists.txt; sourceTree = "<group>"; };
		543F44592AD5999A002B432A /* test_main.h */ = {isa = PBXFileReference; fileEncoding = 4; lastKnownFileType = sourcecode.c.h; path = test_main.h; sourceTree = "<group>"; };
		543F445B2AD5999A002B432A /* test_main.cpp */ = {isa = PBXFileReference; fileEncoding = 4; lastKnownFileType = sourcecode.cpp.cpp; path = test_main.cpp; sourceTree = "<group>"; };
		543F445C2AD5999A002B432A /* test_element.cpp */ = {isa = PBXFileReference; fileEncoding = 4; lastKnownFileType = sourcecode.cpp.cpp; path = test_element.cpp; sourceTree = "<group>"; };
		54B41A012AD591200031520C /* libepanetrtx.dylib */ = {isa = PBXFileReference; explicitFileType = "compiled.mach-o.dylib"; includeInIndex = 0; path = libepanetrtx.dylib; sourceTree = BUILT_PRODUCTS_DIR; };
		54B41A172AD592DB0031520C /* EpanetModel.cpp */ = {isa = PBXFileReference; fileEncoding = 4; lastKnownFileType = sourcecode.cpp.cpp; path = EpanetModel.cpp; sourceTree = "<group>"; };
		54B41A1A2AD592DB0031520C /* Dma.h */ = {isa = PBXFileReference; fileEncoding = 4; lastKnownFileType = sourcecode.c.h; path = Dma.h; sourceTree = "<group>"; };
		54B41A1C2AD592DB0031520C /* Pipe.cpp */ = {isa = PBXFileReference; fileEncoding = 4; lastKnownFileType = sourcecode.cpp.cpp; path = Pipe.cpp; sourceTree = "<group>"; };
		54B41A232AD592DB0031520C /* Tank.cpp */ = {isa = PBXFileReference; fileEncoding = 4; lastKnownFileType = sourcecode.cpp.cpp; path = Tank.cpp; sourceTree = "<group>"; };
		54B41A242AD592DB0031520C /* EpanetModelExporter.cpp */ = {isa = PBXFileReference; fileEncoding = 4; lastKnownFileType = sourcecode.cpp.cpp; path = EpanetModelExporter.cpp; sourceTree = "<group>"; };
		54B41A262AD592DB0031520C /* Reservoir.h */ = {isa = PBXFileReference; fileEncoding = 4; lastKnownFileType = sourcecode.c.h; path = Reservoir.h; sourceTree = "<group>"; };
		54B41A272AD592DB0031520C /* Dma.cpp */ = {isa = PBXFileReference; fileEncoding = 4; lastKnownFileType = sourcecode.cpp.cpp; path = Dma.cpp; sourceTree = "<group>"; };
		54B41A2A2AD592DB0031520C /* Junction.cpp */ = {isa = PBXFileReference; fileEncoding = 4; lastKnownFileType = sourcecode.cpp.cpp; path = Junction.cpp; sourceTree = "<group>"; };
		54B41A2E2AD592DB0031520C /* RTX_Visitable.h */ = {isa = PBXFileReference; fileEncoding = 4; lastKnownFileType = sourcecode.c.h; path = RTX_Visitable.h; sourceTree = "<group>"; };
		54B41A302AD592DB0031520C /* Tank.h */ = {isa = PBXFileReference; fileEncoding = 4; lastKnownFileType = sourcecode.c.h; path = Tank.h; sourceTree = "<group>"; };
		54B41A322AD592DB0031520C /* Pump.h */ = {isa = PBXFileReference; fileEncoding = 4; lastKnownFileType = sourcecode.c.h; path = Pump.h; sourceTree = "<group>"; };
		54B41A362AD592DB0031520C /* EpanetSyntheticModel.cpp */ = {isa = PBXFileReference; fileEncoding = 4; lastKnownFileType = sourcecode.cpp.cpp; path = EpanetSyntheticModel.cpp; sourceTree = "<group>"; };
		54B41A3D2AD592DB0031520C /* Valve.cpp */ = {isa = PBXFileReference; fileEncoding = 4; lastKnownFileType = sourcecode.cpp.cpp; path = Valve.cpp; sourceTree = "<group>"; };
		54B41A402AD592DB0031520C /* Node.cpp */ = {isa = PBXFileReference; fileEncoding = 4; lastKnownFileType = sourcecode.cpp.cpp; path = Node.cpp; sourceTree = "<group>"; };
		54B41A452AD592DB0031520C /* EpanetSyntheticModel.h */ = {isa = PBXFileReference; fileEncoding = 4; lastKnownFileType = sourcecode.c.h; path = EpanetSyntheticModel.h; sourceTree = "<group>"; };
		54B41A492AD592DB0031520C /* InpTextPattern.h */ = {isa = PBXFileReference; fileEncoding = 4; lastKnownFileType = sourcecode.c.h; path = InpTextPattern.h; sourceTree = "<group>"; };
		54B41A4B2AD592DB0031520C /* Node.h */ = {isa = PBXFileReference; fileEncoding = 4; lastKnownFileType = sourcecode.c.h; path = Node.h; sourceTree = "<group>"; };
		54B41A4E2AD592DB0031520C /* rtxExceptions.h */ = {isa = PBXFileReference; fileEncoding = 4; lastKnownFileType = sourcecode.c.h; path = rtxExceptions.h; sourceTree = "<group>"; };
		54B41A502AD592DB0031520C /* Reservoir.cpp */ = {isa = PBXFileReference; fileEncoding = 4; lastKnownFileType = sourcecode.cpp.cpp; path = Reservoir.cpp; sourceTree = "<group>"; };
		54B41A5C2AD592DB0031520C /* EpanetModel.h */ = {isa = PBXFileReference; fileEncoding = 4; lastKnownFileType = sourcecode.c.h; path = EpanetModel.h; sourceTree = "<group>"; };
		54B41A652AD592DB0031520C /* Valve.h */ = {isa = PBXFileReference; fileEncoding = 4; lastKnownFileType = sourcecode.c.h; path = Valve.h; sourceTree = "<group>"; };
		54B41A662AD592DB0031520C /* Element.h */ = {isa = PBXFileReference; fileEncoding = 4; lastKnownFileType = sourcecode.c.h; path = Element.h; sourceTree = "<group>"; };
		54B41A692AD592DB0031520C /* Junction.h */ = {isa = PBXFileReference; fileEncoding = 4; lastKnownFileType = sourcecode.c.h; path = Junction.h; sourceTree = "<group>"; };
		54B41A6F2AD592DB0031520C /* EpanetModelExporter.h */ = {isa = PBXFileReference; fileEncoding = 4; lastKnownFileType = sourcecode.c.h; path = EpanetModelExporter.h; sourceTree = "<group>"; };
		54B41A702AD592DB0031520C /* EpanetMsxModel.cpp */ = {isa = PBXFileReference; fileEncoding = 4; lastKnownFileType = sourcecode.cpp.cpp; path = EpanetMsxModel.cpp; sourceTree = "<group>"; };
		54B41A722AD592DB0031520C /* Pipe.h */ = {isa = PBXFileReference; fileEncoding = 4; lastKnownFileType = sourcecode.c.h; path = Pipe.h; sourceTree = "<group>"; };
		54B41A742AD592DB0031520C /* Model.h */ = {isa = PBXFileReference; fileEncoding = 4; lastKnownFileType = sourcecode.c.h; path = Model.h; sourceTree = "<group>"; };
		54B41A752AD592DB0031520C /* Model.cpp */ = {isa = PBXFileReference; fileEncoding = 4; lastKnownFileType = sourcecode.cpp.cpp; path = Model.cpp; sourceTree = "<group>"; };
		54B41A7A2AD592DB0031520C /* InpTextPattern.cpp */ = {isa = PBXFileReference; fileEncoding = 4; lastKnownFileType = sourcecode.cpp.cpp; path = InpTextPattern.cpp; sourceTree = "<group>"; };
		54B41A812AD592DB0031520C /* Element.cpp */ = {isa = PBXFileReference; fileEncoding = 4; lastKnownFileType = sourcecode.cpp.cpp; path = Element.cpp; sourceTree = "<group>"; };
		54B41A852AD592DB0031520C /* EpanetMsxModel.h */ = {isa = PBXFileReference; fileEncoding = 4; lastKnownFileType = sourcecode.c.h; path = EpanetMsxModel.h; sourceTree = "<group>"; };
		54B41A882AD592DB0031520C /* rtxMacros.h */ = {isa = PBXFileReference; fileEncoding = 4; lastKnownFileType = sourcecode.c.h; path = rtxMacros.h; sourceTree = "<group>"; };
		54B41A8B2AD592DB0031520C /* Link.h */ = {isa = PBXFileReference; fileEncoding = 4; lastKnownFileType = sourcecode.c.h; path = Link.h; sourceTree = "<group>"; };
		54B41A922AD592DB0031520C /* Link.cpp */ = {isa = PBXFileReference; fileEncoding = 4; lastKnownFileType = sourcecode.cpp.cpp; path = Link.cpp; sourceTree = "<group>"; };
		54B41A9F2AD592DB0031520C /* Pump.cpp */ = {isa = PBXFileReference; fileEncoding = 4; lastKnownFileType = sourcecode.cpp.cpp; path = Pump.cpp; sourceTree = "<group>"; };
		54B41B332AD596FE0031520C /* RTX-TESTS */ = {isa = PBXFileReference; explicitFileType = "compiled.mach-o.executable"; includeInIndex = 0; path = "RTX-TESTS"; sourceTree = BUILT_PRODUCTS_DIR; };
		54D5BE1A2AE6B4DB006F6880 /* conan_config.xcconfig */ = {isa = PBXFileReference; lastKnownFileType = text.xcconfig; name = conan_config.xcconfig; path = build/Debug/generators/conan_config.xcconfig; sourceTree = "<group>"; };
/* End PBXFileReference section */

/* Begin PBXFrameworksBuildPhase section */
		54B419FF2AD591200031520C /* Frameworks */ = {
			isa = PBXFrameworksBuildPhase;
			buildActionMask = 2147483647;
			files = (
			);
			runOnlyForDeploymentPostprocessing = 0;
		};
		54B41B302AD596FE0031520C /* Frameworks */ = {
			isa = PBXFrameworksBuildPhase;
			buildActionMask = 2147483647;
			files = (
				543F44532AD598EE002B432A /* libepanetrtx.dylib in Frameworks */,
			);
			runOnlyForDeploymentPostprocessing = 0;
		};
/* End PBXFrameworksBuildPhase section */

/* Begin PBXGroup section */
		5411B9822B7A929E00448D51 /* Debug config */ = {
			isa = PBXGroup;
			children = (
				54D5BE1A2AE6B4DB006F6880 /* conan_config.xcconfig */,
			);
			name = "Debug config";
			sourceTree = "<group>";
		};
		5411B9832B7A92AA00448D51 /* Release config */ = {
			isa = PBXGroup;
			children = (
				5411B9842B7A92D900448D51 /* conan_config.xcconfig */,
			);
			name = "Release config";
			sourceTree = "<group>";
		};
		543F44522AD598EE002B432A /* Frameworks */ = {
			isa = PBXGroup;
			children = (
			);
			name = Frameworks;
			sourceTree = "<group>";
		};
		543F44562AD5999A002B432A /* test */ = {
			isa = PBXGroup;
			children = (
				543F44582AD5999A002B432A /* CMakeLists.txt */,
				543F44592AD5999A002B432A /* test_main.h */,
				543F445B2AD5999A002B432A /* test_main.cpp */,
				543F445C2AD5999A002B432A /* test_element.cpp */,
			);
			path = test;
			sourceTree = "<group>";
		};
		54B419F82AD591200031520C = {
			isa = PBXGroup;
			children = (
				5411B9852B7A937400448D51 /* conanfile.py */,
				5411B9832B7A92AA00448D51 /* Release config */,
				5411B9822B7A929E00448D51 /* Debug config */,
				543F44562AD5999A002B432A /* test */,
				54B41A142AD592DB0031520C /* src */,
				54B41A022AD591200031520C /* Products */,
				543F44522AD598EE002B432A /* Frameworks */,
			);
			sourceTree = "<group>";
		};
		54B41A022AD591200031520C /* Products */ = {
			isa = PBXGroup;
			children = (
				54B41A012AD591200031520C /* libepanetrtx.dylib */,
				54B41B332AD596FE0031520C /* RTX-TESTS */,
			);
			name = Products;
			sourceTree = "<group>";
		};
		54B41A142AD592DB0031520C /* src */ = {
			isa = PBXGroup;
			children = (
				54B41A272AD592DB0031520C /* Dma.cpp */,
				54B41A1A2AD592DB0031520C /* Dma.h */,
				54B41A812AD592DB0031520C /* Element.cpp */,
				54B41A662AD592DB0031520C /* Element.h */,
				54B41A172AD592DB0031520C /* EpanetModel.cpp */,
				54B41A5C2AD592DB0031520C /* EpanetModel.h */,
				54B41A242AD592DB0031520C /* EpanetModelExporter.cpp */,
				54B41A6F2AD592DB0031520C /* EpanetModelExporter.h */,
				54B41A702AD592DB0031520C /* EpanetMsxModel.cpp */,
				54B41A852AD592DB0031520C /* EpanetMsxModel.h */,
				54B41A362AD592DB0031520C /* EpanetSyntheticModel.cpp */,
				54B41A452AD592DB0031520C /* EpanetSyntheticModel.h */,
				54B41A7A2AD592DB0031520C /* InpTextPattern.cpp */,
				54B41A492AD592DB0031520C /* InpTextPattern.h */,
				54B41A2A2AD592DB0031520C /* Junction.cpp */,
				54B41A692AD592DB0031520C /* Junction.h */,
				54B41A922AD592DB0031520C /* Link.cpp */,
				54B41A8B2AD592DB0031520C /* Link.h */,
				54B41A752AD592DB0031520C /* Model.cpp */,
				54B41A742AD592DB0031520C /* Model.h */,
				54B41A402AD592DB0031520C /* Node.cpp */,
				54B41A4B2AD592DB0031520C /* Node.h */,
				54B41A1C2AD592DB0031520C /* Pipe.cpp */,
				54B41A722AD592DB0031520C /* Pipe.h */,
				54B41A9F2AD592DB0031520C /* Pump.cpp */,
				54B41A322AD592DB0031520C /* Pump.h */,
				54B41A502AD592DB0031520C /* Reservoir.cpp */,
				54B41A262AD592DB0031520C /* Reservoir.h */,
				54B41A2E2AD592DB0031520C /* RTX_Visitable.h */,
				54B41A4E2AD592DB0031520C /* rtxExceptions.h */,
				54B41A882AD592DB0031520C /* rtxMacros.h */,
				54B41A232AD592DB0031520C /* Tank.cpp */,
				54B41A302AD592DB0031520C /* Tank.h */,
				54B41A3D2AD592DB0031520C /* Valve.cpp */,
				54B41A652AD592DB0031520C /* Valve.h */,
			);
			path = src;
			sourceTree = "<group>";
		};
/* End PBXGroup section */

/* Begin PBXHeadersBuildPhase section */
		54B419FD2AD591200031520C /* Headers */ = {
			isa = PBXHeadersBuildPhase;
			buildActionMask = 2147483647;
			files = (
				54B41ABD2AD592DB0031520C /* Tank.h in Headers */,
				54B41AD22AD592DB0031520C /* EpanetSyntheticModel.h in Headers */,
				54B41AD82AD592DB0031520C /* Node.h in Headers */,
				54B41AF32AD592DB0031520C /* Element.h in Headers */,
				54B41AF62AD592DB0031520C /* Junction.h in Headers */,
				54B41ABF2AD592DB0031520C /* Pump.h in Headers */,
				54B41AB32AD592DB0031520C /* Reservoir.h in Headers */,
				54B41AD62AD592DB0031520C /* InpTextPattern.h in Headers */,
				54B41ABB2AD592DB0031520C /* RTX_Visitable.h in Headers */,
				54B41AE92AD592DB0031520C /* EpanetModel.h in Headers */,
				54B41AFF2AD592DB0031520C /* Pipe.h in Headers */,
				54B41B152AD592DB0031520C /* rtxMacros.h in Headers */,
				54B41AA72AD592DB0031520C /* Dma.h in Headers */,
				54B41AF22AD592DB0031520C /* Valve.h in Headers */,
				54B41AFC2AD592DB0031520C /* EpanetModelExporter.h in Headers */,
				54B41ADB2AD592DB0031520C /* rtxExceptions.h in Headers */,
				54B41B012AD592DB0031520C /* Model.h in Headers */,
				54B41B182AD592DB0031520C /* Link.h in Headers */,
			);
			runOnlyForDeploymentPostprocessing = 0;
		};
/* End PBXHeadersBuildPhase section */

/* Begin PBXNativeTarget section */
		54B41A002AD591200031520C /* epanetrtx */ = {
			isa = PBXNativeTarget;
			buildConfigurationList = 54B41A0C2AD591200031520C /* Build configuration list for PBXNativeTarget "epanetrtx" */;
			buildPhases = (
				54B419FD2AD591200031520C /* Headers */,
				54B419FE2AD591200031520C /* Sources */,
				54B419FF2AD591200031520C /* Frameworks */,
			);
			buildRules = (
			);
			dependencies = (
			);
			name = epanetrtx;
			productName = epanetrtx;
			productReference = 54B41A012AD591200031520C /* libepanetrtx.dylib */;
			productType = "com.apple.product-type.library.dynamic";
		};
		54B41B322AD596FE0031520C /* RTX-TESTS */ = {
			isa = PBXNativeTarget;
			buildConfigurationList = 54B41B372AD596FE0031520C /* Build configuration list for PBXNativeTarget "RTX-TESTS" */;
			buildPhases = (
				54B41B2F2AD596FE0031520C /* Sources */,
				54B41B302AD596FE0031520C /* Frameworks */,
				54B41B312AD596FE0031520C /* CopyFiles */,
			);
			buildRules = (
			);
			dependencies = (
			);
			name = "RTX-TESTS";
			productName = "RTX-TESTS";
			productReference = 54B41B332AD596FE0031520C /* RTX-TESTS */;
			productType = "com.apple.product-type.tool";
		};
/* End PBXNativeTarget section */

/* Begin PBXProject section */
		54B419F92AD591200031520C /* Project object */ = {
			isa = PBXProject;
			attributes = {
				BuildIndependentTargetsInParallel = 1;
				LastUpgradeCheck = 1520;
				TargetAttributes = {
					54B41A002AD591200031520C = {
						CreatedOnToolsVersion = 14.2;
					};
					54B41B322AD596FE0031520C = {
						CreatedOnToolsVersion = 14.2;
					};
				};
			};
			buildConfigurationList = 54B419FC2AD591200031520C /* Build configuration list for PBXProject "epanetrtx" */;
			compatibilityVersion = "Xcode 14.0";
			developmentRegion = en;
			hasScannedForEncodings = 0;
			knownRegions = (
				en,
				Base,
			);
			mainGroup = 54B419F82AD591200031520C;
			productRefGroup = 54B41A022AD591200031520C /* Products */;
			projectDirPath = "";
			projectRoot = "";
			targets = (
				54B41A002AD591200031520C /* epanetrtx */,
				54B41B322AD596FE0031520C /* RTX-TESTS */,
			);
		};
/* End PBXProject section */

/* Begin PBXSourcesBuildPhase section */
		54B419FE2AD591200031520C /* Sources */ = {
			isa = PBXSourcesBuildPhase;
			buildActionMask = 2147483647;
			files = (
				54B41AA42AD592DB0031520C /* EpanetModel.cpp in Sources */,
				54B41ACA2AD592DB0031520C /* Valve.cpp in Sources */,
				54B41B1F2AD592DB0031520C /* Link.cpp in Sources */,
				54B41AC32AD592DB0031520C /* EpanetSyntheticModel.cpp in Sources */,
				54B41AB12AD592DB0031520C /* EpanetModelExporter.cpp in Sources */,
				54B41AB72AD592DB0031520C /* Junction.cpp in Sources */,
				54B41AA92AD592DB0031520C /* Pipe.cpp in Sources */,
				54B41B022AD592DB0031520C /* Model.cpp in Sources */,
				54B41B2C2AD592DB0031520C /* Pump.cpp in Sources */,
				54B41AB42AD592DB0031520C /* Dma.cpp in Sources */,
				54B41B072AD592DB0031520C /* InpTextPattern.cpp in Sources */,
				54B41B0E2AD592DB0031520C /* Element.cpp in Sources */,
				54B41AB02AD592DB0031520C /* Tank.cpp in Sources */,
				54B41ACD2AD592DB0031520C /* Node.cpp in Sources */,
				54B41ADD2AD592DB0031520C /* Reservoir.cpp in Sources */,
			);
			runOnlyForDeploymentPostprocessing = 0;
		};
		54B41B2F2AD596FE0031520C /* Sources */ = {
			isa = PBXSourcesBuildPhase;
			buildActionMask = 2147483647;
			files = (
				543F44652AD5999A002B432A /* test_element.cpp in Sources */,
				543F44642AD5999A002B432A /* test_main.cpp in Sources */,
			);
			runOnlyForDeploymentPostprocessing = 0;
		};
/* End PBXSourcesBuildPhase section */

/* Begin XCBuildConfiguration section */
		54B41A0A2AD591200031520C /* Debug */ = {
			isa = XCBuildConfiguration;
			baseConfigurationReference = 54D5BE1A2AE6B4DB006F6880 /* conan_config.xcconfig */;
			buildSettings = {
				ALWAYS_SEARCH_USER_PATHS = NO;
				ARCHS = x86_64;
				CLANG_ANALYZER_NONNULL = YES;
				CLANG_ANALYZER_NUMBER_OBJECT_CONVERSION = YES_AGGRESSIVE;
				CLANG_CXX_LANGUAGE_STANDARD = "gnu++20";
				CLANG_ENABLE_MODULES = YES;
				CLANG_ENABLE_OBJC_ARC = YES;
				CLANG_ENABLE_OBJC_WEAK = YES;
				CLANG_WARN_BLOCK_CAPTURE_AUTORELEASING = YES;
				CLANG_WARN_BOOL_CONVERSION = YES;
				CLANG_WARN_COMMA = YES;
				CLANG_WARN_CONSTANT_CONVERSION = YES;
				CLANG_WARN_DEPRECATED_OBJC_IMPLEMENTATIONS = YES;
				CLANG_WARN_DIRECT_OBJC_ISA_USAGE = YES_ERROR;
				CLANG_WARN_DOCUMENTATION_COMMENTS = YES;
				CLANG_WARN_EMPTY_BODY = YES;
				CLANG_WARN_ENUM_CONVERSION = YES;
				CLANG_WARN_INFINITE_RECURSION = YES;
				CLANG_WARN_INT_CONVERSION = YES;
				CLANG_WARN_NON_LITERAL_NULL_CONVERSION = YES;
				CLANG_WARN_OBJC_IMPLICIT_RETAIN_SELF = YES;
				CLANG_WARN_OBJC_LITERAL_CONVERSION = YES;
				CLANG_WARN_OBJC_ROOT_CLASS = YES_ERROR;
				CLANG_WARN_QUOTED_INCLUDE_IN_FRAMEWORK_HEADER = YES;
				CLANG_WARN_RANGE_LOOP_ANALYSIS = YES;
				CLANG_WARN_STRICT_PROTOTYPES = YES;
				CLANG_WARN_SUSPICIOUS_MOVE = YES;
				CLANG_WARN_UNGUARDED_AVAILABILITY = YES_AGGRESSIVE;
				CLANG_WARN_UNREACHABLE_CODE = YES;
				CLANG_WARN__DUPLICATE_METHOD_MATCH = YES;
				COPY_PHASE_STRIP = NO;
				DEAD_CODE_STRIPPING = YES;
				DEBUG_INFORMATION_FORMAT = dwarf;
				ENABLE_STRICT_OBJC_MSGSEND = YES;
				ENABLE_TESTABILITY = YES;
				ENABLE_USER_SCRIPT_SANDBOXING = YES;
				GCC_C_LANGUAGE_STANDARD = gnu11;
				GCC_DYNAMIC_NO_PIC = NO;
				GCC_NO_COMMON_BLOCKS = YES;
				GCC_OPTIMIZATION_LEVEL = 0;
				GCC_PREPROCESSOR_DEFINITIONS = (
					"DEBUG=1",
					"$(inherited)",
				);
				GCC_WARN_64_TO_32_BIT_CONVERSION = YES;
				GCC_WARN_ABOUT_RETURN_TYPE = YES_ERROR;
				GCC_WARN_UNDECLARED_SELECTOR = YES;
				GCC_WARN_UNINITIALIZED_AUTOS = YES_AGGRESSIVE;
				GCC_WARN_UNUSED_FUNCTION = YES;
				GCC_WARN_UNUSED_VARIABLE = YES;
				MACOSX_DEPLOYMENT_TARGET = 12.6;
				MTL_ENABLE_DEBUG_INFO = INCLUDE_SOURCE;
				MTL_FAST_MATH = YES;
				SDKROOT = macosx;
			};
			name = Debug;
		};
		54B41A0B2AD591200031520C /* Release */ = {
			isa = XCBuildConfiguration;
			baseConfigurationReference = 5411B9842B7A92D900448D51 /* conan_config.xcconfig */;
			buildSettings = {
				ALWAYS_SEARCH_USER_PATHS = NO;
				ARCHS = x86_64;
				CLANG_ANALYZER_NONNULL = YES;
				CLANG_ANALYZER_NUMBER_OBJECT_CONVERSION = YES_AGGRESSIVE;
				CLANG_CXX_LANGUAGE_STANDARD = "gnu++20";
				CLANG_ENABLE_MODULES = YES;
				CLANG_ENABLE_OBJC_ARC = YES;
				CLANG_ENABLE_OBJC_WEAK = YES;
				CLANG_WARN_BLOCK_CAPTURE_AUTORELEASING = YES;
				CLANG_WARN_BOOL_CONVERSION = YES;
				CLANG_WARN_COMMA = YES;
				CLANG_WARN_CONSTANT_CONVERSION = YES;
				CLANG_WARN_DEPRECATED_OBJC_IMPLEMENTATIONS = YES;
				CLANG_WARN_DIRECT_OBJC_ISA_USAGE = YES_ERROR;
				CLANG_WARN_DOCUMENTATION_COMMENTS = YES;
				CLANG_WARN_EMPTY_BODY = YES;
				CLANG_WARN_ENUM_CONVERSION = YES;
				CLANG_WARN_INFINITE_RECURSION = YES;
				CLANG_WARN_INT_CONVERSION = YES;
				CLANG_WARN_NON_LITERAL_NULL_CONVERSION = YES;
				CLANG_WARN_OBJC_IMPLICIT_RETAIN_SELF = YES;
				CLANG_WARN_OBJC_LITERAL_CONVERSION = YES;
				CLANG_WARN_OBJC_ROOT_CLASS = YES_ERROR;
				CLANG_WARN_QUOTED_INCLUDE_IN_FRAMEWORK_HEADER = YES;
				CLANG_WARN_RANGE_LOOP_ANALYSIS = YES;
				CLANG_WARN_STRICT_PROTOTYPES = YES;
				CLANG_WARN_SUSPICIOUS_MOVE = YES;
				CLANG_WARN_UNGUARDED_AVAILABILITY = YES_AGGRESSIVE;
				CLANG_WARN_UNREACHABLE_CODE = YES;
				CLANG_WARN__DUPLICATE_METHOD_MATCH = YES;
				COPY_PHASE_STRIP = NO;
				DEAD_CODE_STRIPPING = YES;
				DEBUG_INFORMATION_FORMAT = "dwarf-with-dsym";
				ENABLE_NS_ASSERTIONS = NO;
				ENABLE_STRICT_OBJC_MSGSEND = YES;
				ENABLE_USER_SCRIPT_SANDBOXING = YES;
				GCC_C_LANGUAGE_STANDARD = gnu11;
				GCC_NO_COMMON_BLOCKS = YES;
				GCC_WARN_64_TO_32_BIT_CONVERSION = YES;
				GCC_WARN_ABOUT_RETURN_TYPE = YES_ERROR;
				GCC_WARN_UNDECLARED_SELECTOR = YES;
				GCC_WARN_UNINITIALIZED_AUTOS = YES_AGGRESSIVE;
				GCC_WARN_UNUSED_FUNCTION = YES;
				GCC_WARN_UNUSED_VARIABLE = YES;
				MACOSX_DEPLOYMENT_TARGET = 12.6;
				MTL_ENABLE_DEBUG_INFO = NO;
				MTL_FAST_MATH = YES;
				SDKROOT = macosx;
			};
			name = Release;
		};
		54B41A0D2AD591200031520C /* Debug */ = {
			isa = XCBuildConfiguration;
			buildSettings = {
				CODE_SIGN_STYLE = Automatic;
				DEAD_CODE_STRIPPING = YES;
				DEVELOPMENT_TEAM = WRM3XW2XMR;
				DYLIB_COMPATIBILITY_VERSION = 1;
				DYLIB_CURRENT_VERSION = 1;
				EXECUTABLE_PREFIX = lib;
				GCC_ENABLE_CPP_EXCEPTIONS = YES;
				GCC_ENABLE_CPP_RTTI = YES;
				GCC_SYMBOLS_PRIVATE_EXTERN = YES;
				PRODUCT_NAME = "$(TARGET_NAME)";
				SKIP_INSTALL = YES;
			};
			name = Debug;
		};
		54B41A0E2AD591200031520C /* Release */ = {
			isa = XCBuildConfiguration;
			buildSettings = {
				CODE_SIGN_STYLE = Automatic;
				DEAD_CODE_STRIPPING = YES;
				DEVELOPMENT_TEAM = WRM3XW2XMR;
				DYLIB_COMPATIBILITY_VERSION = 1;
				DYLIB_CURRENT_VERSION = 1;
				EXECUTABLE_PREFIX = lib;
				GCC_ENABLE_CPP_EXCEPTIONS = YES;
				GCC_ENABLE_CPP_RTTI = YES;
				GCC_SYMBOLS_PRIVATE_EXTERN = YES;
				PRODUCT_NAME = "$(TARGET_NAME)";
				SKIP_INSTALL = YES;
			};
			name = Release;
		};
		54B41B382AD596FE0031520C /* Debug */ = {
			isa = XCBuildConfiguration;
			buildSettings = {
				CODE_SIGN_STYLE = Automatic;
				DEAD_CODE_STRIPPING = YES;
				DEVELOPMENT_TEAM = WRM3XW2XMR;
				ENABLE_HARDENED_RUNTIME = YES;
				PRODUCT_NAME = "$(TARGET_NAME)";
			};
			name = Debug;
		};
		54B41B392AD596FE0031520C /* Release */ = {
			isa = XCBuildConfiguration;
			buildSettings = {
				CODE_SIGN_STYLE = Automatic;
				DEAD_CODE_STRIPPING = YES;
				DEVELOPMENT_TEAM = WRM3XW2XMR;
				ENABLE_HARDENED_RUNTIME = YES;
				PRODUCT_NAME = "$(TARGET_NAME)";
			};
			name = Release;
		};
/* End XCBuildConfiguration section */

/* Begin XCConfigurationList section */
		54B419FC2AD591200031520C /* Build configuration list for PBXProject "epanetrtx" */ = {
			isa = XCConfigurationList;
			buildConfigurations = (
				54B41A0A2AD591200031520C /* Debug */,
				54B41A0B2AD591200031520C /* Release */,
			);
			defaultConfigurationIsVisible = 0;
			defaultConfigurationName = Release;
		};
		54B41A0C2AD591200031520C /* Build configuration list for PBXNativeTarget "epanetrtx" */ = {
			isa = XCConfigurationList;
			buildConfigurations = (
				54B41A0D2AD591200031520C /* Debug */,
				54B41A0E2AD591200031520C /* Release */,
			);
			defaultConfigurationIsVisible = 0;
			defaultConfigurationName = Release;
		};
		54B41B372AD596FE0031520C /* Build configuration list for PBXNativeTarget "RTX-TESTS" */ = {
			isa = XCConfigurationList;
			buildConfigurations = (
				54B41B382AD596FE0031520C /* Debug */,
				54B41B392AD596FE0031520C /* Release */,
			);
			defaultConfigurationIsVisible = 0;
			defaultConfigurationName = Release;
		};
/* End XCConfigurationList section */
	};
	rootObject = 54B419F92AD591200031520C /* Project object */;
}
